// !$*UTF8*$!
{
	archiveVersion = 1;
	classes = {
	};
	objectVersion = 46;
	objects = {

/* Begin PBXBuildFile section */
		0DEDCF55217B2F330039A0BC /* Modern.Family.S01E18.lrc in Resources */ = {isa = PBXBuildFile; fileRef = 0DEDCF25217B2F190039A0BC /* Modern.Family.S01E18.lrc */; };
		0DEDCF56217B2F330039A0BC /* Modern.Family.S01E07.lrc in Resources */ = {isa = PBXBuildFile; fileRef = 0DEDCF26217B2F190039A0BC /* Modern.Family.S01E07.lrc */; };
		0DEDCF57217B2F330039A0BC /* Modern.Family.S01E15.mp3 in Resources */ = {isa = PBXBuildFile; fileRef = 0DEDCF27217B2F1A0039A0BC /* Modern.Family.S01E15.mp3 */; };
		0DEDCF58217B2F330039A0BC /* Modern.Family.S01E20.lrc in Resources */ = {isa = PBXBuildFile; fileRef = 0DEDCF28217B2F1A0039A0BC /* Modern.Family.S01E20.lrc */; };
		0DEDCF59217B2F330039A0BC /* Modern.Family.S01E09.mp3 in Resources */ = {isa = PBXBuildFile; fileRef = 0DEDCF29217B2F1A0039A0BC /* Modern.Family.S01E09.mp3 */; };
		0DEDCF5A217B2F330039A0BC /* Modern.Family.S01E14.mp3 in Resources */ = {isa = PBXBuildFile; fileRef = 0DEDCF2A217B2F1B0039A0BC /* Modern.Family.S01E14.mp3 */; };
		0DEDCF5B217B2F330039A0BC /* Modern.Family.S01E05.mp3 in Resources */ = {isa = PBXBuildFile; fileRef = 0DEDCF2B217B2F1C0039A0BC /* Modern.Family.S01E05.mp3 */; };
		0DEDCF5C217B2F330039A0BC /* Modern.Family.S01E15.lrc in Resources */ = {isa = PBXBuildFile; fileRef = 0DEDCF2C217B2F1D0039A0BC /* Modern.Family.S01E15.lrc */; };
		0DEDCF5D217B2F330039A0BC /* Modern.Family.S01E10.mp3 in Resources */ = {isa = PBXBuildFile; fileRef = 0DEDCF2D217B2F1D0039A0BC /* Modern.Family.S01E10.mp3 */; };
		0DEDCF5E217B2F330039A0BC /* Modern.Family.S01E04.mp3 in Resources */ = {isa = PBXBuildFile; fileRef = 0DEDCF2E217B2F1E0039A0BC /* Modern.Family.S01E04.mp3 */; };
		0DEDCF5F217B2F330039A0BC /* Modern.Family.S01E19.mp3 in Resources */ = {isa = PBXBuildFile; fileRef = 0DEDCF2F217B2F1F0039A0BC /* Modern.Family.S01E19.mp3 */; };
		0DEDCF60217B2F330039A0BC /* Modern.Family.S01E21.lrc in Resources */ = {isa = PBXBuildFile; fileRef = 0DEDCF30217B2F1F0039A0BC /* Modern.Family.S01E21.lrc */; };
		0DEDCF61217B2F330039A0BC /* Modern.Family.S01E13.mp3 in Resources */ = {isa = PBXBuildFile; fileRef = 0DEDCF31217B2F200039A0BC /* Modern.Family.S01E13.mp3 */; };
		0DEDCF62217B2F330039A0BC /* Modern.Family.S01E19.lrc in Resources */ = {isa = PBXBuildFile; fileRef = 0DEDCF32217B2F200039A0BC /* Modern.Family.S01E19.lrc */; };
		0DEDCF63217B2F330039A0BC /* Modern.Family.S01E12.mp3 in Resources */ = {isa = PBXBuildFile; fileRef = 0DEDCF33217B2F210039A0BC /* Modern.Family.S01E12.mp3 */; };
		0DEDCF64217B2F330039A0BC /* Modern.Family.S01E24.mp3 in Resources */ = {isa = PBXBuildFile; fileRef = 0DEDCF34217B2F220039A0BC /* Modern.Family.S01E24.mp3 */; };
		0DEDCF65217B2F330039A0BC /* Modern.Family.S01E18.mp3 in Resources */ = {isa = PBXBuildFile; fileRef = 0DEDCF35217B2F230039A0BC /* Modern.Family.S01E18.mp3 */; };
		0DEDCF66217B2F330039A0BC /* Modern.Family.S01E21.mp3 in Resources */ = {isa = PBXBuildFile; fileRef = 0DEDCF36217B2F240039A0BC /* Modern.Family.S01E21.mp3 */; };
		0DEDCF67217B2F330039A0BC /* Modern.Family.S01E08.lrc in Resources */ = {isa = PBXBuildFile; fileRef = 0DEDCF37217B2F240039A0BC /* Modern.Family.S01E08.lrc */; };
		0DEDCF68217B2F330039A0BC /* Modern.Family.S01E11.lrc in Resources */ = {isa = PBXBuildFile; fileRef = 0DEDCF38217B2F240039A0BC /* Modern.Family.S01E11.lrc */; };
		0DEDCF69217B2F330039A0BC /* Modern.Family.S01E13.lrc in Resources */ = {isa = PBXBuildFile; fileRef = 0DEDCF39217B2F240039A0BC /* Modern.Family.S01E13.lrc */; };
		0DEDCF6A217B2F330039A0BC /* Modern.Family.S01E17.lrc in Resources */ = {isa = PBXBuildFile; fileRef = 0DEDCF3A217B2F250039A0BC /* Modern.Family.S01E17.lrc */; };
		0DEDCF6B217B2F330039A0BC /* Modern.Family.S01E07.mp3 in Resources */ = {isa = PBXBuildFile; fileRef = 0DEDCF3B217B2F260039A0BC /* Modern.Family.S01E07.mp3 */; };
		0DEDCF6C217B2F330039A0BC /* Modern.Family.S01E06.mp3 in Resources */ = {isa = PBXBuildFile; fileRef = 0DEDCF3C217B2F260039A0BC /* Modern.Family.S01E06.mp3 */; };
		0DEDCF6D217B2F330039A0BC /* Modern.Family.S01E03.mp3 in Resources */ = {isa = PBXBuildFile; fileRef = 0DEDCF3D217B2F270039A0BC /* Modern.Family.S01E03.mp3 */; };
		0DEDCF6E217B2F330039A0BC /* Modern.Family.S01E16.mp3 in Resources */ = {isa = PBXBuildFile; fileRef = 0DEDCF3E217B2F280039A0BC /* Modern.Family.S01E16.mp3 */; };
		0DEDCF6F217B2F330039A0BC /* Modern.Family.S01E05.lrc in Resources */ = {isa = PBXBuildFile; fileRef = 0DEDCF3F217B2F280039A0BC /* Modern.Family.S01E05.lrc */; };
		0DEDCF70217B2F330039A0BC /* Modern.Family.S01E10.lrc in Resources */ = {isa = PBXBuildFile; fileRef = 0DEDCF40217B2F280039A0BC /* Modern.Family.S01E10.lrc */; };
		0DEDCF71217B2F330039A0BC /* Modern.Family.S01E08.mp3 in Resources */ = {isa = PBXBuildFile; fileRef = 0DEDCF41217B2F290039A0BC /* Modern.Family.S01E08.mp3 */; };
		0DEDCF72217B2F330039A0BC /* Modern.Family.S01E04.lrc in Resources */ = {isa = PBXBuildFile; fileRef = 0DEDCF42217B2F290039A0BC /* Modern.Family.S01E04.lrc */; };
		0DEDCF73217B2F330039A0BC /* Modern.Family.S01E01.mp3 in Resources */ = {isa = PBXBuildFile; fileRef = 0DEDCF43217B2F2A0039A0BC /* Modern.Family.S01E01.mp3 */; };
		0DEDCF74217B2F330039A0BC /* Modern.Family.S01E22.lrc in Resources */ = {isa = PBXBuildFile; fileRef = 0DEDCF44217B2F2A0039A0BC /* Modern.Family.S01E22.lrc */; };
		0DEDCF75217B2F330039A0BC /* Modern.Family.S01E03.lrc in Resources */ = {isa = PBXBuildFile; fileRef = 0DEDCF45217B2F2A0039A0BC /* Modern.Family.S01E03.lrc */; };
		0DEDCF76217B2F330039A0BC /* Modern.Family.S01E20.mp3 in Resources */ = {isa = PBXBuildFile; fileRef = 0DEDCF46217B2F2B0039A0BC /* Modern.Family.S01E20.mp3 */; };
		0DEDCF77217B2F330039A0BC /* Modern.Family.S01E14.lrc in Resources */ = {isa = PBXBuildFile; fileRef = 0DEDCF47217B2F2C0039A0BC /* Modern.Family.S01E14.lrc */; };
		0DEDCF78217B2F330039A0BC /* Modern.Family.S01E12.lrc in Resources */ = {isa = PBXBuildFile; fileRef = 0DEDCF48217B2F2C0039A0BC /* Modern.Family.S01E12.lrc */; };
		0DEDCF79217B2F330039A0BC /* Modern.Family.S01E11.mp3 in Resources */ = {isa = PBXBuildFile; fileRef = 0DEDCF49217B2F2D0039A0BC /* Modern.Family.S01E11.mp3 */; };
		0DEDCF7A217B2F330039A0BC /* Modern.Family.S01E06.lrc in Resources */ = {isa = PBXBuildFile; fileRef = 0DEDCF4A217B2F2D0039A0BC /* Modern.Family.S01E06.lrc */; };
		0DEDCF7B217B2F330039A0BC /* Modern.Family.S01E02.lrc in Resources */ = {isa = PBXBuildFile; fileRef = 0DEDCF4B217B2F2E0039A0BC /* Modern.Family.S01E02.lrc */; };
		0DEDCF7C217B2F330039A0BC /* Modern.Family.S01E02.mp3 in Resources */ = {isa = PBXBuildFile; fileRef = 0DEDCF4C217B2F2F0039A0BC /* Modern.Family.S01E02.mp3 */; };
		0DEDCF7D217B2F330039A0BC /* Modern.Family.S01E09.lrc in Resources */ = {isa = PBXBuildFile; fileRef = 0DEDCF4D217B2F2F0039A0BC /* Modern.Family.S01E09.lrc */; };
		0DEDCF7E217B2F330039A0BC /* Modern.Family.S01E17.mp3 in Resources */ = {isa = PBXBuildFile; fileRef = 0DEDCF4E217B2F300039A0BC /* Modern.Family.S01E17.mp3 */; };
		0DEDCF7F217B2F330039A0BC /* Modern.Family.S01E24.lrc in Resources */ = {isa = PBXBuildFile; fileRef = 0DEDCF4F217B2F300039A0BC /* Modern.Family.S01E24.lrc */; };
		0DEDCF80217B2F330039A0BC /* Modern.Family.S01E23.lrc in Resources */ = {isa = PBXBuildFile; fileRef = 0DEDCF50217B2F310039A0BC /* Modern.Family.S01E23.lrc */; };
		0DEDCF81217B2F330039A0BC /* Modern.Family.S01E22.mp3 in Resources */ = {isa = PBXBuildFile; fileRef = 0DEDCF51217B2F320039A0BC /* Modern.Family.S01E22.mp3 */; };
		0DEDCF82217B2F330039A0BC /* Modern.Family.S01E16.lrc in Resources */ = {isa = PBXBuildFile; fileRef = 0DEDCF52217B2F320039A0BC /* Modern.Family.S01E16.lrc */; };
		0DEDCF83217B2F330039A0BC /* Modern.Family.S01E23.mp3 in Resources */ = {isa = PBXBuildFile; fileRef = 0DEDCF53217B2F330039A0BC /* Modern.Family.S01E23.mp3 */; };
		0DEDCF84217B2F330039A0BC /* Modern.Family.S01E01.lrc in Resources */ = {isa = PBXBuildFile; fileRef = 0DEDCF54217B2F330039A0BC /* Modern.Family.S01E01.lrc */; };
		0DFC8D9620CBF1020004538A /* LrcParser.m in Sources */ = {isa = PBXBuildFile; fileRef = 0DFC8D9520CBF1020004538A /* LrcParser.m */; };
		0DFC8D9920CBF1370004538A /* LyricsCollectionViewCell.m in Sources */ = {isa = PBXBuildFile; fileRef = 0DFC8D9820CBF1370004538A /* LyricsCollectionViewCell.m */; };
		1BCA76F820E84DD500709CC9 /* SongsCollectionViewController.m in Sources */ = {isa = PBXBuildFile; fileRef = 1BCA76F720E84DD500709CC9 /* SongsCollectionViewController.m */; };
		1BCA76FB20E84FC700709CC9 /* SongCollectionViewCell.m in Sources */ = {isa = PBXBuildFile; fileRef = 1BCA76FA20E84FC700709CC9 /* SongCollectionViewCell.m */; };
		C0E16CFB1E91164100E205F9 /* main.m in Sources */ = {isa = PBXBuildFile; fileRef = C0E16CFA1E91164100E205F9 /* main.m */; };
		C0E16CFE1E91164100E205F9 /* AppDelegate.m in Sources */ = {isa = PBXBuildFile; fileRef = C0E16CFD1E91164100E205F9 /* AppDelegate.m */; };
		C0E16D011E91164200E205F9 /* ViewController.m in Sources */ = {isa = PBXBuildFile; fileRef = C0E16D001E91164200E205F9 /* ViewController.m */; };
		C0E16D041E91164200E205F9 /* Main.storyboard in Resources */ = {isa = PBXBuildFile; fileRef = C0E16D021E91164200E205F9 /* Main.storyboard */; };
		C0E16D061E91164200E205F9 /* Assets.xcassets in Resources */ = {isa = PBXBuildFile; fileRef = C0E16D051E91164200E205F9 /* Assets.xcassets */; };
		C0E16D091E91164200E205F9 /* LaunchScreen.storyboard in Resources */ = {isa = PBXBuildFile; fileRef = C0E16D071E91164200E205F9 /* LaunchScreen.storyboard */; };
/* End PBXBuildFile section */

/* Begin PBXCopyFilesBuildPhase section */
		0DFC8DA420CBF7800004538A /* CopyFiles */ = {
			isa = PBXCopyFilesBuildPhase;
			buildActionMask = 8;
			dstPath = "";
			dstSubfolderSpec = 7;
			files = (
			);
			runOnlyForDeploymentPostprocessing = 1;
		};
/* End PBXCopyFilesBuildPhase section */

/* Begin PBXFileReference section */
		0DEDCF25217B2F190039A0BC /* Modern.Family.S01E18.lrc */ = {isa = PBXFileReference; fileEncoding = 4; lastKnownFileType = text; path = Modern.Family.S01E18.lrc; sourceTree = "<group>"; };
		0DEDCF26217B2F190039A0BC /* Modern.Family.S01E07.lrc */ = {isa = PBXFileReference; fileEncoding = 4; lastKnownFileType = text; path = Modern.Family.S01E07.lrc; sourceTree = "<group>"; };
		0DEDCF27217B2F1A0039A0BC /* Modern.Family.S01E15.mp3 */ = {isa = PBXFileReference; lastKnownFileType = audio.mp3; path = Modern.Family.S01E15.mp3; sourceTree = "<group>"; };
		0DEDCF28217B2F1A0039A0BC /* Modern.Family.S01E20.lrc */ = {isa = PBXFileReference; fileEncoding = 4; lastKnownFileType = text; path = Modern.Family.S01E20.lrc; sourceTree = "<group>"; };
		0DEDCF29217B2F1A0039A0BC /* Modern.Family.S01E09.mp3 */ = {isa = PBXFileReference; lastKnownFileType = audio.mp3; path = Modern.Family.S01E09.mp3; sourceTree = "<group>"; };
		0DEDCF2A217B2F1B0039A0BC /* Modern.Family.S01E14.mp3 */ = {isa = PBXFileReference; lastKnownFileType = audio.mp3; path = Modern.Family.S01E14.mp3; sourceTree = "<group>"; };
		0DEDCF2B217B2F1C0039A0BC /* Modern.Family.S01E05.mp3 */ = {isa = PBXFileReference; lastKnownFileType = audio.mp3; path = Modern.Family.S01E05.mp3; sourceTree = "<group>"; };
		0DEDCF2C217B2F1D0039A0BC /* Modern.Family.S01E15.lrc */ = {isa = PBXFileReference; fileEncoding = 4; lastKnownFileType = text; path = Modern.Family.S01E15.lrc; sourceTree = "<group>"; };
		0DEDCF2D217B2F1D0039A0BC /* Modern.Family.S01E10.mp3 */ = {isa = PBXFileReference; lastKnownFileType = audio.mp3; path = Modern.Family.S01E10.mp3; sourceTree = "<group>"; };
		0DEDCF2E217B2F1E0039A0BC /* Modern.Family.S01E04.mp3 */ = {isa = PBXFileReference; lastKnownFileType = audio.mp3; path = Modern.Family.S01E04.mp3; sourceTree = "<group>"; };
		0DEDCF2F217B2F1F0039A0BC /* Modern.Family.S01E19.mp3 */ = {isa = PBXFileReference; lastKnownFileType = audio.mp3; path = Modern.Family.S01E19.mp3; sourceTree = "<group>"; };
		0DEDCF30217B2F1F0039A0BC /* Modern.Family.S01E21.lrc */ = {isa = PBXFileReference; fileEncoding = 4; lastKnownFileType = text; path = Modern.Family.S01E21.lrc; sourceTree = "<group>"; };
		0DEDCF31217B2F200039A0BC /* Modern.Family.S01E13.mp3 */ = {isa = PBXFileReference; lastKnownFileType = audio.mp3; path = Modern.Family.S01E13.mp3; sourceTree = "<group>"; };
		0DEDCF32217B2F200039A0BC /* Modern.Family.S01E19.lrc */ = {isa = PBXFileReference; fileEncoding = 4; lastKnownFileType = text; path = Modern.Family.S01E19.lrc; sourceTree = "<group>"; };
		0DEDCF33217B2F210039A0BC /* Modern.Family.S01E12.mp3 */ = {isa = PBXFileReference; lastKnownFileType = audio.mp3; path = Modern.Family.S01E12.mp3; sourceTree = "<group>"; };
		0DEDCF34217B2F220039A0BC /* Modern.Family.S01E24.mp3 */ = {isa = PBXFileReference; lastKnownFileType = audio.mp3; path = Modern.Family.S01E24.mp3; sourceTree = "<group>"; };
		0DEDCF35217B2F230039A0BC /* Modern.Family.S01E18.mp3 */ = {isa = PBXFileReference; lastKnownFileType = audio.mp3; path = Modern.Family.S01E18.mp3; sourceTree = "<group>"; };
		0DEDCF36217B2F240039A0BC /* Modern.Family.S01E21.mp3 */ = {isa = PBXFileReference; lastKnownFileType = audio.mp3; path = Modern.Family.S01E21.mp3; sourceTree = "<group>"; };
		0DEDCF37217B2F240039A0BC /* Modern.Family.S01E08.lrc */ = {isa = PBXFileReference; fileEncoding = 4; lastKnownFileType = text; path = Modern.Family.S01E08.lrc; sourceTree = "<group>"; };
		0DEDCF38217B2F240039A0BC /* Modern.Family.S01E11.lrc */ = {isa = PBXFileReference; fileEncoding = 4; lastKnownFileType = text; path = Modern.Family.S01E11.lrc; sourceTree = "<group>"; };
		0DEDCF39217B2F240039A0BC /* Modern.Family.S01E13.lrc */ = {isa = PBXFileReference; fileEncoding = 4; lastKnownFileType = text; path = Modern.Family.S01E13.lrc; sourceTree = "<group>"; };
		0DEDCF3A217B2F250039A0BC /* Modern.Family.S01E17.lrc */ = {isa = PBXFileReference; fileEncoding = 4; lastKnownFileType = text; path = Modern.Family.S01E17.lrc; sourceTree = "<group>"; };
		0DEDCF3B217B2F260039A0BC /* Modern.Family.S01E07.mp3 */ = {isa = PBXFileReference; lastKnownFileType = audio.mp3; path = Modern.Family.S01E07.mp3; sourceTree = "<group>"; };
		0DEDCF3C217B2F260039A0BC /* Modern.Family.S01E06.mp3 */ = {isa = PBXFileReference; lastKnownFileType = audio.mp3; path = Modern.Family.S01E06.mp3; sourceTree = "<group>"; };
		0DEDCF3D217B2F270039A0BC /* Modern.Family.S01E03.mp3 */ = {isa = PBXFileReference; lastKnownFileType = audio.mp3; path = Modern.Family.S01E03.mp3; sourceTree = "<group>"; };
		0DEDCF3E217B2F280039A0BC /* Modern.Family.S01E16.mp3 */ = {isa = PBXFileReference; lastKnownFileType = audio.mp3; path = Modern.Family.S01E16.mp3; sourceTree = "<group>"; };
		0DEDCF3F217B2F280039A0BC /* Modern.Family.S01E05.lrc */ = {isa = PBXFileReference; fileEncoding = 4; lastKnownFileType = text; path = Modern.Family.S01E05.lrc; sourceTree = "<group>"; };
		0DEDCF40217B2F280039A0BC /* Modern.Family.S01E10.lrc */ = {isa = PBXFileReference; fileEncoding = 4; lastKnownFileType = text; path = Modern.Family.S01E10.lrc; sourceTree = "<group>"; };
		0DEDCF41217B2F290039A0BC /* Modern.Family.S01E08.mp3 */ = {isa = PBXFileReference; lastKnownFileType = audio.mp3; path = Modern.Family.S01E08.mp3; sourceTree = "<group>"; };
		0DEDCF42217B2F290039A0BC /* Modern.Family.S01E04.lrc */ = {isa = PBXFileReference; fileEncoding = 4; lastKnownFileType = text; path = Modern.Family.S01E04.lrc; sourceTree = "<group>"; };
		0DEDCF43217B2F2A0039A0BC /* Modern.Family.S01E01.mp3 */ = {isa = PBXFileReference; lastKnownFileType = audio.mp3; path = Modern.Family.S01E01.mp3; sourceTree = "<group>"; };
		0DEDCF44217B2F2A0039A0BC /* Modern.Family.S01E22.lrc */ = {isa = PBXFileReference; fileEncoding = 4; lastKnownFileType = text; path = Modern.Family.S01E22.lrc; sourceTree = "<group>"; };
		0DEDCF45217B2F2A0039A0BC /* Modern.Family.S01E03.lrc */ = {isa = PBXFileReference; fileEncoding = 4; lastKnownFileType = text; path = Modern.Family.S01E03.lrc; sourceTree = "<group>"; };
		0DEDCF46217B2F2B0039A0BC /* Modern.Family.S01E20.mp3 */ = {isa = PBXFileReference; lastKnownFileType = audio.mp3; path = Modern.Family.S01E20.mp3; sourceTree = "<group>"; };
		0DEDCF47217B2F2C0039A0BC /* Modern.Family.S01E14.lrc */ = {isa = PBXFileReference; fileEncoding = 4; lastKnownFileType = text; path = Modern.Family.S01E14.lrc; sourceTree = "<group>"; };
		0DEDCF48217B2F2C0039A0BC /* Modern.Family.S01E12.lrc */ = {isa = PBXFileReference; fileEncoding = 4; lastKnownFileType = text; path = Modern.Family.S01E12.lrc; sourceTree = "<group>"; };
		0DEDCF49217B2F2D0039A0BC /* Modern.Family.S01E11.mp3 */ = {isa = PBXFileReference; lastKnownFileType = audio.mp3; path = Modern.Family.S01E11.mp3; sourceTree = "<group>"; };
		0DEDCF4A217B2F2D0039A0BC /* Modern.Family.S01E06.lrc */ = {isa = PBXFileReference; fileEncoding = 4; lastKnownFileType = text; path = Modern.Family.S01E06.lrc; sourceTree = "<group>"; };
		0DEDCF4B217B2F2E0039A0BC /* Modern.Family.S01E02.lrc */ = {isa = PBXFileReference; fileEncoding = 4; lastKnownFileType = text; path = Modern.Family.S01E02.lrc; sourceTree = "<group>"; };
		0DEDCF4C217B2F2F0039A0BC /* Modern.Family.S01E02.mp3 */ = {isa = PBXFileReference; lastKnownFileType = audio.mp3; path = Modern.Family.S01E02.mp3; sourceTree = "<group>"; };
		0DEDCF4D217B2F2F0039A0BC /* Modern.Family.S01E09.lrc */ = {isa = PBXFileReference; fileEncoding = 4; lastKnownFileType = text; path = Modern.Family.S01E09.lrc; sourceTree = "<group>"; };
		0DEDCF4E217B2F300039A0BC /* Modern.Family.S01E17.mp3 */ = {isa = PBXFileReference; lastKnownFileType = audio.mp3; path = Modern.Family.S01E17.mp3; sourceTree = "<group>"; };
		0DEDCF4F217B2F300039A0BC /* Modern.Family.S01E24.lrc */ = {isa = PBXFileReference; fileEncoding = 4; lastKnownFileType = text; path = Modern.Family.S01E24.lrc; sourceTree = "<group>"; };
		0DEDCF50217B2F310039A0BC /* Modern.Family.S01E23.lrc */ = {isa = PBXFileReference; fileEncoding = 4; lastKnownFileType = text; path = Modern.Family.S01E23.lrc; sourceTree = "<group>"; };
		0DEDCF51217B2F320039A0BC /* Modern.Family.S01E22.mp3 */ = {isa = PBXFileReference; lastKnownFileType = audio.mp3; path = Modern.Family.S01E22.mp3; sourceTree = "<group>"; };
		0DEDCF52217B2F320039A0BC /* Modern.Family.S01E16.lrc */ = {isa = PBXFileReference; fileEncoding = 4; lastKnownFileType = text; path = Modern.Family.S01E16.lrc; sourceTree = "<group>"; };
		0DEDCF53217B2F330039A0BC /* Modern.Family.S01E23.mp3 */ = {isa = PBXFileReference; lastKnownFileType = audio.mp3; path = Modern.Family.S01E23.mp3; sourceTree = "<group>"; };
		0DEDCF54217B2F330039A0BC /* Modern.Family.S01E01.lrc */ = {isa = PBXFileReference; fileEncoding = 4; lastKnownFileType = text; path = Modern.Family.S01E01.lrc; sourceTree = "<group>"; };
		0DFC8D9420CBF1020004538A /* LrcParser.h */ = {isa = PBXFileReference; lastKnownFileType = sourcecode.c.h; path = LrcParser.h; sourceTree = "<group>"; };
		0DFC8D9520CBF1020004538A /* LrcParser.m */ = {isa = PBXFileReference; lastKnownFileType = sourcecode.c.objc; path = LrcParser.m; sourceTree = "<group>"; };
		0DFC8D9720CBF1370004538A /* LyricsCollectionViewCell.h */ = {isa = PBXFileReference; lastKnownFileType = sourcecode.c.h; path = LyricsCollectionViewCell.h; sourceTree = "<group>"; };
		0DFC8D9820CBF1370004538A /* LyricsCollectionViewCell.m */ = {isa = PBXFileReference; lastKnownFileType = sourcecode.c.objc; path = LyricsCollectionViewCell.m; sourceTree = "<group>"; };
		1BCA76F620E84DD500709CC9 /* SongsCollectionViewController.h */ = {isa = PBXFileReference; lastKnownFileType = sourcecode.c.h; path = SongsCollectionViewController.h; sourceTree = "<group>"; };
		1BCA76F720E84DD500709CC9 /* SongsCollectionViewController.m */ = {isa = PBXFileReference; lastKnownFileType = sourcecode.c.objc; path = SongsCollectionViewController.m; sourceTree = "<group>"; };
		1BCA76F920E84FC700709CC9 /* SongCollectionViewCell.h */ = {isa = PBXFileReference; lastKnownFileType = sourcecode.c.h; path = SongCollectionViewCell.h; sourceTree = "<group>"; };
		1BCA76FA20E84FC700709CC9 /* SongCollectionViewCell.m */ = {isa = PBXFileReference; lastKnownFileType = sourcecode.c.objc; path = SongCollectionViewCell.m; sourceTree = "<group>"; };
		C0E16CF61E91164100E205F9 /* LyrioPlayer.app */ = {isa = PBXFileReference; explicitFileType = wrapper.application; includeInIndex = 0; path = LyrioPlayer.app; sourceTree = BUILT_PRODUCTS_DIR; };
		C0E16CFA1E91164100E205F9 /* main.m */ = {isa = PBXFileReference; lastKnownFileType = sourcecode.c.objc; path = main.m; sourceTree = "<group>"; };
		C0E16CFC1E91164100E205F9 /* AppDelegate.h */ = {isa = PBXFileReference; lastKnownFileType = sourcecode.c.h; path = AppDelegate.h; sourceTree = "<group>"; };
		C0E16CFD1E91164100E205F9 /* AppDelegate.m */ = {isa = PBXFileReference; lastKnownFileType = sourcecode.c.objc; path = AppDelegate.m; sourceTree = "<group>"; };
		C0E16CFF1E91164100E205F9 /* ViewController.h */ = {isa = PBXFileReference; lastKnownFileType = sourcecode.c.h; path = ViewController.h; sourceTree = "<group>"; };
		C0E16D001E91164200E205F9 /* ViewController.m */ = {isa = PBXFileReference; lastKnownFileType = sourcecode.c.objc; path = ViewController.m; sourceTree = "<group>"; };
		C0E16D031E91164200E205F9 /* Base */ = {isa = PBXFileReference; lastKnownFileType = file.storyboard; name = Base; path = Base.lproj/Main.storyboard; sourceTree = "<group>"; };
		C0E16D051E91164200E205F9 /* Assets.xcassets */ = {isa = PBXFileReference; lastKnownFileType = folder.assetcatalog; path = Assets.xcassets; sourceTree = "<group>"; };
		C0E16D081E91164200E205F9 /* Base */ = {isa = PBXFileReference; lastKnownFileType = file.storyboard; name = Base; path = Base.lproj/LaunchScreen.storyboard; sourceTree = "<group>"; };
		C0E16D0A1E91164200E205F9 /* Info.plist */ = {isa = PBXFileReference; lastKnownFileType = text.plist.xml; path = Info.plist; sourceTree = "<group>"; };
/* End PBXFileReference section */

/* Begin PBXFrameworksBuildPhase section */
		C0E16CF31E91164100E205F9 /* Frameworks */ = {
			isa = PBXFrameworksBuildPhase;
			buildActionMask = 2147483647;
			files = (
			);
			runOnlyForDeploymentPostprocessing = 0;
		};
/* End PBXFrameworksBuildPhase section */

/* Begin PBXGroup section */
		0DFC8DCD20CBFB2B0004538A /* Resources */ = {
			isa = PBXGroup;
			children = (
				0DEDCF54217B2F330039A0BC /* Modern.Family.S01E01.lrc */,
				0DEDCF43217B2F2A0039A0BC /* Modern.Family.S01E01.mp3 */,
				0DEDCF4B217B2F2E0039A0BC /* Modern.Family.S01E02.lrc */,
				0DEDCF4C217B2F2F0039A0BC /* Modern.Family.S01E02.mp3 */,
				0DEDCF45217B2F2A0039A0BC /* Modern.Family.S01E03.lrc */,
				0DEDCF3D217B2F270039A0BC /* Modern.Family.S01E03.mp3 */,
				0DEDCF42217B2F290039A0BC /* Modern.Family.S01E04.lrc */,
				0DEDCF2E217B2F1E0039A0BC /* Modern.Family.S01E04.mp3 */,
				0DEDCF3F217B2F280039A0BC /* Modern.Family.S01E05.lrc */,
				0DEDCF2B217B2F1C0039A0BC /* Modern.Family.S01E05.mp3 */,
				0DEDCF4A217B2F2D0039A0BC /* Modern.Family.S01E06.lrc */,
				0DEDCF3C217B2F260039A0BC /* Modern.Family.S01E06.mp3 */,
				0DEDCF26217B2F190039A0BC /* Modern.Family.S01E07.lrc */,
				0DEDCF3B217B2F260039A0BC /* Modern.Family.S01E07.mp3 */,
				0DEDCF37217B2F240039A0BC /* Modern.Family.S01E08.lrc */,
				0DEDCF41217B2F290039A0BC /* Modern.Family.S01E08.mp3 */,
				0DEDCF4D217B2F2F0039A0BC /* Modern.Family.S01E09.lrc */,
				0DEDCF29217B2F1A0039A0BC /* Modern.Family.S01E09.mp3 */,
				0DEDCF40217B2F280039A0BC /* Modern.Family.S01E10.lrc */,
				0DEDCF2D217B2F1D0039A0BC /* Modern.Family.S01E10.mp3 */,
				0DEDCF38217B2F240039A0BC /* Modern.Family.S01E11.lrc */,
				0DEDCF49217B2F2D0039A0BC /* Modern.Family.S01E11.mp3 */,
				0DEDCF48217B2F2C0039A0BC /* Modern.Family.S01E12.lrc */,
				0DEDCF33217B2F210039A0BC /* Modern.Family.S01E12.mp3 */,
				0DEDCF39217B2F240039A0BC /* Modern.Family.S01E13.lrc */,
				0DEDCF31217B2F200039A0BC /* Modern.Family.S01E13.mp3 */,
				0DEDCF47217B2F2C0039A0BC /* Modern.Family.S01E14.lrc */,
				0DEDCF2A217B2F1B0039A0BC /* Modern.Family.S01E14.mp3 */,
				0DEDCF2C217B2F1D0039A0BC /* Modern.Family.S01E15.lrc */,
				0DEDCF27217B2F1A0039A0BC /* Modern.Family.S01E15.mp3 */,
				0DEDCF52217B2F320039A0BC /* Modern.Family.S01E16.lrc */,
				0DEDCF3E217B2F280039A0BC /* Modern.Family.S01E16.mp3 */,
				0DEDCF3A217B2F250039A0BC /* Modern.Family.S01E17.lrc */,
				0DEDCF4E217B2F300039A0BC /* Modern.Family.S01E17.mp3 */,
				0DEDCF25217B2F190039A0BC /* Modern.Family.S01E18.lrc */,
				0DEDCF35217B2F230039A0BC /* Modern.Family.S01E18.mp3 */,
				0DEDCF32217B2F200039A0BC /* Modern.Family.S01E19.lrc */,
				0DEDCF2F217B2F1F0039A0BC /* Modern.Family.S01E19.mp3 */,
				0DEDCF28217B2F1A0039A0BC /* Modern.Family.S01E20.lrc */,
				0DEDCF46217B2F2B0039A0BC /* Modern.Family.S01E20.mp3 */,
				0DEDCF30217B2F1F0039A0BC /* Modern.Family.S01E21.lrc */,
				0DEDCF36217B2F240039A0BC /* Modern.Family.S01E21.mp3 */,
				0DEDCF44217B2F2A0039A0BC /* Modern.Family.S01E22.lrc */,
				0DEDCF51217B2F320039A0BC /* Modern.Family.S01E22.mp3 */,
				0DEDCF50217B2F310039A0BC /* Modern.Family.S01E23.lrc */,
				0DEDCF53217B2F330039A0BC /* Modern.Family.S01E23.mp3 */,
				0DEDCF4F217B2F300039A0BC /* Modern.Family.S01E24.lrc */,
				0DEDCF34217B2F220039A0BC /* Modern.Family.S01E24.mp3 */,
			);
			path = Resources;
			sourceTree = "<group>";
		};
		C0E16CED1E91164100E205F9 = {
			isa = PBXGroup;
			children = (
				1BCA76F620E84DD500709CC9 /* SongsCollectionViewController.h */,
				1BCA76F720E84DD500709CC9 /* SongsCollectionViewController.m */,
				1BCA76F920E84FC700709CC9 /* SongCollectionViewCell.h */,
				1BCA76FA20E84FC700709CC9 /* SongCollectionViewCell.m */,
				C0E16CF81E91164100E205F9 /* 8.3.8 */,
				C0E16CF71E91164100E205F9 /* Products */,
			);
			sourceTree = "<group>";
		};
		C0E16CF71E91164100E205F9 /* Products */ = {
			isa = PBXGroup;
			children = (
				C0E16CF61E91164100E205F9 /* LyrioPlayer.app */,
			);
			name = Products;
			sourceTree = "<group>";
		};
		C0E16CF81E91164100E205F9 /* 8.3.8 */ = {
			isa = PBXGroup;
			children = (
				0DFC8DCD20CBFB2B0004538A /* Resources */,
				C0E16CFC1E91164100E205F9 /* AppDelegate.h */,
				C0E16CFD1E91164100E205F9 /* AppDelegate.m */,
				C0E16CFF1E91164100E205F9 /* ViewController.h */,
				C0E16D001E91164200E205F9 /* ViewController.m */,
				C0E16D021E91164200E205F9 /* Main.storyboard */,
				C0E16D051E91164200E205F9 /* Assets.xcassets */,
				C0E16D071E91164200E205F9 /* LaunchScreen.storyboard */,
				C0E16D0A1E91164200E205F9 /* Info.plist */,
				C0E16CF91E91164100E205F9 /* Supporting Files */,
				0DFC8D9420CBF1020004538A /* LrcParser.h */,
				0DFC8D9520CBF1020004538A /* LrcParser.m */,
				0DFC8D9720CBF1370004538A /* LyricsCollectionViewCell.h */,
				0DFC8D9820CBF1370004538A /* LyricsCollectionViewCell.m */,
			);
			path = 8.3.8;
			sourceTree = "<group>";
		};
		C0E16CF91E91164100E205F9 /* Supporting Files */ = {
			isa = PBXGroup;
			children = (
				C0E16CFA1E91164100E205F9 /* main.m */,
			);
			name = "Supporting Files";
			sourceTree = "<group>";
		};
/* End PBXGroup section */

/* Begin PBXNativeTarget section */
		C0E16CF51E91164100E205F9 /* LyrioPlayer */ = {
			isa = PBXNativeTarget;
			buildConfigurationList = C0E16D0D1E91164200E205F9 /* Build configuration list for PBXNativeTarget "LyrioPlayer" */;
			buildPhases = (
				C0E16CF21E91164100E205F9 /* Sources */,
				C0E16CF31E91164100E205F9 /* Frameworks */,
				C0E16CF41E91164100E205F9 /* Resources */,
				0DFC8DA420CBF7800004538A /* CopyFiles */,
			);
			buildRules = (
			);
			dependencies = (
			);
			name = LyrioPlayer;
			productName = 8.3.8;
			productReference = C0E16CF61E91164100E205F9 /* LyrioPlayer.app */;
			productType = "com.apple.product-type.application";
		};
/* End PBXNativeTarget section */

/* Begin PBXProject section */
		C0E16CEE1E91164100E205F9 /* Project object */ = {
			isa = PBXProject;
			attributes = {
				LastUpgradeCheck = 0940;
				ORGANIZATIONNAME = Liz;
				TargetAttributes = {
					C0E16CF51E91164100E205F9 = {
						CreatedOnToolsVersion = 8.2;
						DevelopmentTeam = WRXQWFRRMG;
						ProvisioningStyle = Automatic;
					};
				};
			};
			buildConfigurationList = C0E16CF11E91164100E205F9 /* Build configuration list for PBXProject "LyrioPlayer" */;
			compatibilityVersion = "Xcode 3.2";
			developmentRegion = English;
			hasScannedForEncodings = 0;
			knownRegions = (
				en,
				Base,
			);
			mainGroup = C0E16CED1E91164100E205F9;
			productRefGroup = C0E16CF71E91164100E205F9 /* Products */;
			projectDirPath = "";
			projectRoot = "";
			targets = (
				C0E16CF51E91164100E205F9 /* LyrioPlayer */,
			);
		};
/* End PBXProject section */

/* Begin PBXResourcesBuildPhase section */
		C0E16CF41E91164100E205F9 /* Resources */ = {
			isa = PBXResourcesBuildPhase;
			buildActionMask = 2147483647;
			files = (
				0DEDCF57217B2F330039A0BC /* Modern.Family.S01E15.mp3 in Resources */,
				0DEDCF83217B2F330039A0BC /* Modern.Family.S01E23.mp3 in Resources */,
				0DEDCF67217B2F330039A0BC /* Modern.Family.S01E08.lrc in Resources */,
				0DEDCF77217B2F330039A0BC /* Modern.Family.S01E14.lrc in Resources */,
				0DEDCF74217B2F330039A0BC /* Modern.Family.S01E22.lrc in Resources */,
				0DEDCF62217B2F330039A0BC /* Modern.Family.S01E19.lrc in Resources */,
				0DEDCF72217B2F330039A0BC /* Modern.Family.S01E04.lrc in Resources */,
				0DEDCF81217B2F330039A0BC /* Modern.Family.S01E22.mp3 in Resources */,
				0DEDCF7E217B2F330039A0BC /* Modern.Family.S01E17.mp3 in Resources */,
				0DEDCF7C217B2F330039A0BC /* Modern.Family.S01E02.mp3 in Resources */,
				0DEDCF70217B2F330039A0BC /* Modern.Family.S01E10.lrc in Resources */,
				0DEDCF5B217B2F330039A0BC /* Modern.Family.S01E05.mp3 in Resources */,
				0DEDCF66217B2F330039A0BC /* Modern.Family.S01E21.mp3 in Resources */,
				0DEDCF55217B2F330039A0BC /* Modern.Family.S01E18.lrc in Resources */,
				0DEDCF6C217B2F330039A0BC /* Modern.Family.S01E06.mp3 in Resources */,
				0DEDCF7F217B2F330039A0BC /* Modern.Family.S01E24.lrc in Resources */,
				0DEDCF68217B2F330039A0BC /* Modern.Family.S01E11.lrc in Resources */,
				0DEDCF78217B2F330039A0BC /* Modern.Family.S01E12.lrc in Resources */,
				0DEDCF6E217B2F330039A0BC /* Modern.Family.S01E16.mp3 in Resources */,
				0DEDCF5E217B2F330039A0BC /* Modern.Family.S01E04.mp3 in Resources */,
				0DEDCF5D217B2F330039A0BC /* Modern.Family.S01E10.mp3 in Resources */,
				0DEDCF73217B2F330039A0BC /* Modern.Family.S01E01.mp3 in Resources */,
				C0E16D091E91164200E205F9 /* LaunchScreen.storyboard in Resources */,
				0DEDCF6F217B2F330039A0BC /* Modern.Family.S01E05.lrc in Resources */,
				0DEDCF84217B2F330039A0BC /* Modern.Family.S01E01.lrc in Resources */,
				0DEDCF61217B2F330039A0BC /* Modern.Family.S01E13.mp3 in Resources */,
				0DEDCF75217B2F330039A0BC /* Modern.Family.S01E03.lrc in Resources */,
				0DEDCF7B217B2F330039A0BC /* Modern.Family.S01E02.lrc in Resources */,
				0DEDCF59217B2F330039A0BC /* Modern.Family.S01E09.mp3 in Resources */,
				0DEDCF58217B2F330039A0BC /* Modern.Family.S01E20.lrc in Resources */,
				0DEDCF5C217B2F330039A0BC /* Modern.Family.S01E15.lrc in Resources */,
				0DEDCF65217B2F330039A0BC /* Modern.Family.S01E18.mp3 in Resources */,
				0DEDCF69217B2F330039A0BC /* Modern.Family.S01E13.lrc in Resources */,
				0DEDCF7D217B2F330039A0BC /* Modern.Family.S01E09.lrc in Resources */,
				0DEDCF64217B2F330039A0BC /* Modern.Family.S01E24.mp3 in Resources */,
				0DEDCF6A217B2F330039A0BC /* Modern.Family.S01E17.lrc in Resources */,
				0DEDCF82217B2F330039A0BC /* Modern.Family.S01E16.lrc in Resources */,
				0DEDCF56217B2F330039A0BC /* Modern.Family.S01E07.lrc in Resources */,
				0DEDCF6B217B2F330039A0BC /* Modern.Family.S01E07.mp3 in Resources */,
				0DEDCF6D217B2F330039A0BC /* Modern.Family.S01E03.mp3 in Resources */,
				0DEDCF5A217B2F330039A0BC /* Modern.Family.S01E14.mp3 in Resources */,
				0DEDCF71217B2F330039A0BC /* Modern.Family.S01E08.mp3 in Resources */,
				C0E16D061E91164200E205F9 /* Assets.xcassets in Resources */,
				0DEDCF60217B2F330039A0BC /* Modern.Family.S01E21.lrc in Resources */,
				0DEDCF63217B2F330039A0BC /* Modern.Family.S01E12.mp3 in Resources */,
				0DEDCF79217B2F330039A0BC /* Modern.Family.S01E11.mp3 in Resources */,
				0DEDCF5F217B2F330039A0BC /* Modern.Family.S01E19.mp3 in Resources */,
				0DEDCF7A217B2F330039A0BC /* Modern.Family.S01E06.lrc in Resources */,
				0DEDCF76217B2F330039A0BC /* Modern.Family.S01E20.mp3 in Resources */,
				0DEDCF80217B2F330039A0BC /* Modern.Family.S01E23.lrc in Resources */,
				C0E16D041E91164200E205F9 /* Main.storyboard in Resources */,
			);
			runOnlyForDeploymentPostprocessing = 0;
		};
/* End PBXResourcesBuildPhase section */

/* Begin PBXSourcesBuildPhase section */
		C0E16CF21E91164100E205F9 /* Sources */ = {
			isa = PBXSourcesBuildPhase;
			buildActionMask = 2147483647;
			files = (
				1BCA76F820E84DD500709CC9 /* SongsCollectionViewController.m in Sources */,
				0DFC8D9620CBF1020004538A /* LrcParser.m in Sources */,
				C0E16D011E91164200E205F9 /* ViewController.m in Sources */,
				C0E16CFE1E91164100E205F9 /* AppDelegate.m in Sources */,
				0DFC8D9920CBF1370004538A /* LyricsCollectionViewCell.m in Sources */,
				1BCA76FB20E84FC700709CC9 /* SongCollectionViewCell.m in Sources */,
				C0E16CFB1E91164100E205F9 /* main.m in Sources */,
			);
			runOnlyForDeploymentPostprocessing = 0;
		};
/* End PBXSourcesBuildPhase section */

/* Begin PBXVariantGroup section */
		C0E16D021E91164200E205F9 /* Main.storyboard */ = {
			isa = PBXVariantGroup;
			children = (
				C0E16D031E91164200E205F9 /* Base */,
			);
			name = Main.storyboard;
			sourceTree = "<group>";
		};
		C0E16D071E91164200E205F9 /* LaunchScreen.storyboard */ = {
			isa = PBXVariantGroup;
			children = (
				C0E16D081E91164200E205F9 /* Base */,
			);
			name = LaunchScreen.storyboard;
			sourceTree = "<group>";
		};
/* End PBXVariantGroup section */

/* Begin XCBuildConfiguration section */
		C0E16D0B1E91164200E205F9 /* Debug */ = {
			isa = XCBuildConfiguration;
			buildSettings = {
				ALWAYS_SEARCH_USER_PATHS = NO;
				CLANG_ANALYZER_NONNULL = YES;
				CLANG_CXX_LANGUAGE_STANDARD = "gnu++0x";
				CLANG_CXX_LIBRARY = "libc++";
				CLANG_ENABLE_MODULES = YES;
				CLANG_ENABLE_OBJC_ARC = YES;
				CLANG_WARN_BLOCK_CAPTURE_AUTORELEASING = YES;
				CLANG_WARN_BOOL_CONVERSION = YES;
				CLANG_WARN_COMMA = YES;
				CLANG_WARN_CONSTANT_CONVERSION = YES;
				CLANG_WARN_DEPRECATED_OBJC_IMPLEMENTATIONS = YES;
				CLANG_WARN_DIRECT_OBJC_ISA_USAGE = YES_ERROR;
				CLANG_WARN_DOCUMENTATION_COMMENTS = YES;
				CLANG_WARN_EMPTY_BODY = YES;
				CLANG_WARN_ENUM_CONVERSION = YES;
				CLANG_WARN_INFINITE_RECURSION = YES;
				CLANG_WARN_INT_CONVERSION = YES;
				CLANG_WARN_NON_LITERAL_NULL_CONVERSION = YES;
				CLANG_WARN_OBJC_IMPLICIT_RETAIN_SELF = YES;
				CLANG_WARN_OBJC_LITERAL_CONVERSION = YES;
				CLANG_WARN_OBJC_ROOT_CLASS = YES_ERROR;
				CLANG_WARN_RANGE_LOOP_ANALYSIS = YES;
				CLANG_WARN_STRICT_PROTOTYPES = YES;
				CLANG_WARN_SUSPICIOUS_MOVE = YES;
				CLANG_WARN_UNREACHABLE_CODE = YES;
				CLANG_WARN__DUPLICATE_METHOD_MATCH = YES;
				"CODE_SIGN_IDENTITY[sdk=iphoneos*]" = "iPhone Developer";
				COPY_PHASE_STRIP = NO;
				DEBUG_INFORMATION_FORMAT = dwarf;
				ENABLE_STRICT_OBJC_MSGSEND = YES;
				ENABLE_TESTABILITY = YES;
				GCC_C_LANGUAGE_STANDARD = gnu99;
				GCC_DYNAMIC_NO_PIC = NO;
				GCC_NO_COMMON_BLOCKS = YES;
				GCC_OPTIMIZATION_LEVEL = 0;
				GCC_PREPROCESSOR_DEFINITIONS = (
					"DEBUG=1",
					"$(inherited)",
				);
				GCC_WARN_64_TO_32_BIT_CONVERSION = YES;
				GCC_WARN_ABOUT_RETURN_TYPE = YES_ERROR;
				GCC_WARN_UNDECLARED_SELECTOR = YES;
				GCC_WARN_UNINITIALIZED_AUTOS = YES_AGGRESSIVE;
				GCC_WARN_UNUSED_FUNCTION = YES;
				GCC_WARN_UNUSED_VARIABLE = YES;
				IPHONEOS_DEPLOYMENT_TARGET = 10.2;
				MTL_ENABLE_DEBUG_INFO = YES;
				ONLY_ACTIVE_ARCH = YES;
				SDKROOT = iphoneos;
			};
			name = Debug;
		};
		C0E16D0C1E91164200E205F9 /* Release */ = {
			isa = XCBuildConfiguration;
			buildSettings = {
				ALWAYS_SEARCH_USER_PATHS = NO;
				CLANG_ANALYZER_NONNULL = YES;
				CLANG_CXX_LANGUAGE_STANDARD = "gnu++0x";
				CLANG_CXX_LIBRARY = "libc++";
				CLANG_ENABLE_MODULES = YES;
				CLANG_ENABLE_OBJC_ARC = YES;
				CLANG_WARN_BLOCK_CAPTURE_AUTORELEASING = YES;
				CLANG_WARN_BOOL_CONVERSION = YES;
				CLANG_WARN_COMMA = YES;
				CLANG_WARN_CONSTANT_CONVERSION = YES;
				CLANG_WARN_DEPRECATED_OBJC_IMPLEMENTATIONS = YES;
				CLANG_WARN_DIRECT_OBJC_ISA_USAGE = YES_ERROR;
				CLANG_WARN_DOCUMENTATION_COMMENTS = YES;
				CLANG_WARN_EMPTY_BODY = YES;
				CLANG_WARN_ENUM_CONVERSION = YES;
				CLANG_WARN_INFINITE_RECURSION = YES;
				CLANG_WARN_INT_CONVERSION = YES;
				CLANG_WARN_NON_LITERAL_NULL_CONVERSION = YES;
				CLANG_WARN_OBJC_IMPLICIT_RETAIN_SELF = YES;
				CLANG_WARN_OBJC_LITERAL_CONVERSION = YES;
				CLANG_WARN_OBJC_ROOT_CLASS = YES_ERROR;
				CLANG_WARN_RANGE_LOOP_ANALYSIS = YES;
				CLANG_WARN_STRICT_PROTOTYPES = YES;
				CLANG_WARN_SUSPICIOUS_MOVE = YES;
				CLANG_WARN_UNREACHABLE_CODE = YES;
				CLANG_WARN__DUPLICATE_METHOD_MATCH = YES;
				"CODE_SIGN_IDENTITY[sdk=iphoneos*]" = "iPhone Developer";
				COPY_PHASE_STRIP = NO;
				DEBUG_INFORMATION_FORMAT = "dwarf-with-dsym";
				ENABLE_NS_ASSERTIONS = NO;
				ENABLE_STRICT_OBJC_MSGSEND = YES;
				GCC_C_LANGUAGE_STANDARD = gnu99;
				GCC_NO_COMMON_BLOCKS = YES;
				GCC_WARN_64_TO_32_BIT_CONVERSION = YES;
				GCC_WARN_ABOUT_RETURN_TYPE = YES_ERROR;
				GCC_WARN_UNDECLARED_SELECTOR = YES;
				GCC_WARN_UNINITIALIZED_AUTOS = YES_AGGRESSIVE;
				GCC_WARN_UNUSED_FUNCTION = YES;
				GCC_WARN_UNUSED_VARIABLE = YES;
				IPHONEOS_DEPLOYMENT_TARGET = 10.2;
				MTL_ENABLE_DEBUG_INFO = NO;
				SDKROOT = iphoneos;
				VALIDATE_PRODUCT = YES;
			};
			name = Release;
		};
		C0E16D0E1E91164200E205F9 /* Debug */ = {
			isa = XCBuildConfiguration;
			buildSettings = {
				ASSETCATALOG_COMPILER_APPICON_NAME = AppIcon;
				DEVELOPMENT_TEAM = WRXQWFRRMG;
				INFOPLIST_FILE = 8.3.8/Info.plist;
				LD_RUNPATH_SEARCH_PATHS = "$(inherited) @executable_path/Frameworks";
				PRODUCT_BUNDLE_IDENTIFIER = mf1.cmu.ustc1;
				PRODUCT_NAME = "$(TARGET_NAME)";
			};
			name = Debug;
		};
		C0E16D0F1E91164200E205F9 /* Release */ = {
			isa = XCBuildConfiguration;
			buildSettings = {
				ASSETCATALOG_COMPILER_APPICON_NAME = AppIcon;
				DEVELOPMENT_TEAM = WRXQWFRRMG;
				INFOPLIST_FILE = 8.3.8/Info.plist;
				LD_RUNPATH_SEARCH_PATHS = "$(inherited) @executable_path/Frameworks";
				PRODUCT_BUNDLE_IDENTIFIER = mf1.cmu.ustc1;
				PRODUCT_NAME = "$(TARGET_NAME)";
			};
			name = Release;
		};
/* End XCBuildConfiguration section */

/* Begin XCConfigurationList section */
		C0E16CF11E91164100E205F9 /* Build configuration list for PBXProject "LyrioPlayer" */ = {
			isa = XCConfigurationList;
			buildConfigurations = (
				C0E16D0B1E91164200E205F9 /* Debug */,
				C0E16D0C1E91164200E205F9 /* Release */,
			);
			defaultConfigurationIsVisible = 0;
			defaultConfigurationName = Release;
		};
		C0E16D0D1E91164200E205F9 /* Build configuration list for PBXNativeTarget "LyrioPlayer" */ = {
			isa = XCConfigurationList;
			buildConfigurations = (
				C0E16D0E1E91164200E205F9 /* Debug */,
				C0E16D0F1E91164200E205F9 /* Release */,
			);
			defaultConfigurationIsVisible = 0;
			defaultConfigurationName = Release;
		};
/* End XCConfigurationList section */
	};
	rootObject = C0E16CEE1E91164100E205F9 /* Project object */;
}
